
Microsoft Visual Studio Solution File, Format Version 12.00
# Visual Studio Version 17
VisualStudioVersion = 17.10.35004.147
MinimumVisualStudioVersion = 10.0.40219.1
Project("{8BC9CEB8-8B4A-11D0-8D11-00A0C91BC942}") = "Lecture", "Lecture.vcxproj", "{116701EB-B0B6-46EF-ADD5-DE434523282D}"
EndProject
Global
	GlobalSection(SolutionConfigurationPlatforms) = preSolution
		Debug|x64 = Debug|x64
		Debug|x86 = Debug|x86
		Release|x64 = Release|x64
		Release|x86 = Release|x86
	EndGlobalSection
	GlobalSection(ProjectConfigurationPlatforms) = postSolution
		{116701EB-B0B6-46EF-ADD5-DE434523282D}.Debug|x64.ActiveCfg = Debug|x64
		{116701EB-B0B6-46EF-ADD5-DE434523282D}.Debug|x64.Build.0 = Debug|x64
		{116701EB-B0B6-46EF-ADD5-DE434523282D}.Debug|x86.ActiveCfg = Debug|Win32
		{116701EB-B0B6-46EF-ADD5-DE434523282D}.Debug|x86.Build.0 = Debug|Win32
		{116701EB-B0B6-46EF-ADD5-DE434523282D}.Release|x64.ActiveCfg = Release|x64
		{116701EB-B0B6-46EF-ADD5-DE434523282D}.Release|x64.Build.0 = Release|x64
		{116701EB-B0B6-46EF-ADD5-DE434523282D}.Release|x86.ActiveCfg = Release|Win32
		{116701EB-B0B6-46EF-ADD5-DE434523282D}.Release|x86.Build.0 = Release|Win32
	EndGlobalSection
	GlobalSection(SolutionProperties) = preSolution
		HideSolutionNode = FALSE
	EndGlobalSection
	GlobalSection(ExtensibilityGlobals) = postSolution
		SolutionGuid = {A55970F6-E659-4FF4-860D-4DC88D1448FF}
	EndGlobalSection
EndGlobal
